// !$*UTF8*$!
{
	archiveVersion = 1;
	classes = {
	};
	objectVersion = 55;
	objects = {

/* Begin PBXBuildFile section */
		647A4F59289AFC0700EBBAFE /* AppDelegate.swift in Sources */ = {isa = PBXBuildFile; fileRef = 647A4F58289AFC0700EBBAFE /* AppDelegate.swift */; };
		647A4F5B289AFC0700EBBAFE /* SceneDelegate.swift in Sources */ = {isa = PBXBuildFile; fileRef = 647A4F5A289AFC0700EBBAFE /* SceneDelegate.swift */; };
		647A4F5E289AFC0700EBBAFE /* LaunchScreen.storyboard in Resources */ = {isa = PBXBuildFile; fileRef = 647A4F5C289AFC0700EBBAFE /* LaunchScreen.storyboard */; };
		647A4F61289AFC0700EBBAFE /* Main.storyboard in Resources */ = {isa = PBXBuildFile; fileRef = 647A4F5F289AFC0700EBBAFE /* Main.storyboard */; };
		647A4F6A289AFC0700EBBAFE /* AppDelegate.swift in Sources */ = {isa = PBXBuildFile; fileRef = 647A4F69289AFC0700EBBAFE /* AppDelegate.swift */; };
		647A4F6D289AFC0700EBBAFE /* Main.storyboard in Resources */ = {isa = PBXBuildFile; fileRef = 647A4F6B289AFC0700EBBAFE /* Main.storyboard */; };
		647A4F74289AFC0700EBBAFE /* CleanTwitter Extension.appex in Embed App Extensions */ = {isa = PBXBuildFile; fileRef = 647A4F73289AFC0700EBBAFE /* CleanTwitter Extension.appex */; settings = {ATTRIBUTES = (RemoveHeadersOnCopy, ); }; };
		647A4F7E289AFC0700EBBAFE /* CleanTwitter Extension.appex in Embed App Extensions */ = {isa = PBXBuildFile; fileRef = 647A4F7D289AFC0700EBBAFE /* CleanTwitter Extension.appex */; settings = {ATTRIBUTES = (RemoveHeadersOnCopy, ); }; };
		647A4F84289AFC0700EBBAFE /* Main.html in Resources */ = {isa = PBXBuildFile; fileRef = 647A4F3F289AFC0000EBBAFE /* Main.html */; };
		647A4F85289AFC0700EBBAFE /* Main.html in Resources */ = {isa = PBXBuildFile; fileRef = 647A4F3F289AFC0000EBBAFE /* Main.html */; };
		647A4F86289AFC0700EBBAFE /* Icon.png in Resources */ = {isa = PBXBuildFile; fileRef = 647A4F41289AFC0000EBBAFE /* Icon.png */; };
		647A4F87289AFC0700EBBAFE /* Icon.png in Resources */ = {isa = PBXBuildFile; fileRef = 647A4F41289AFC0000EBBAFE /* Icon.png */; };
		647A4F88289AFC0700EBBAFE /* Style.css in Resources */ = {isa = PBXBuildFile; fileRef = 647A4F42289AFC0000EBBAFE /* Style.css */; };
		647A4F89289AFC0700EBBAFE /* Style.css in Resources */ = {isa = PBXBuildFile; fileRef = 647A4F42289AFC0000EBBAFE /* Style.css */; };
		647A4F8A289AFC0700EBBAFE /* Script.js in Resources */ = {isa = PBXBuildFile; fileRef = 647A4F43289AFC0000EBBAFE /* Script.js */; };
		647A4F8B289AFC0700EBBAFE /* Script.js in Resources */ = {isa = PBXBuildFile; fileRef = 647A4F43289AFC0000EBBAFE /* Script.js */; };
		647A4F8C289AFC0700EBBAFE /* ViewController.swift in Sources */ = {isa = PBXBuildFile; fileRef = 647A4F44289AFC0000EBBAFE /* ViewController.swift */; };
		647A4F8D289AFC0700EBBAFE /* ViewController.swift in Sources */ = {isa = PBXBuildFile; fileRef = 647A4F44289AFC0000EBBAFE /* ViewController.swift */; };
		647A4F8E289AFC0700EBBAFE /* Assets.xcassets in Resources */ = {isa = PBXBuildFile; fileRef = 647A4F45289AFC0700EBBAFE /* Assets.xcassets */; };
		647A4F8F289AFC0700EBBAFE /* Assets.xcassets in Resources */ = {isa = PBXBuildFile; fileRef = 647A4F45289AFC0700EBBAFE /* Assets.xcassets */; };
		647A4F90289AFC0700EBBAFE /* SafariWebExtensionHandler.swift in Sources */ = {isa = PBXBuildFile; fileRef = 647A4F47289AFC0700EBBAFE /* SafariWebExtensionHandler.swift */; };
		647A4F91289AFC0700EBBAFE /* SafariWebExtensionHandler.swift in Sources */ = {isa = PBXBuildFile; fileRef = 647A4F47289AFC0700EBBAFE /* SafariWebExtensionHandler.swift */; };
		647A4F92289AFC0700EBBAFE /* _locales in Resources */ = {isa = PBXBuildFile; fileRef = 647A4F49289AFC0700EBBAFE /* _locales */; };
		647A4F93289AFC0700EBBAFE /* _locales in Resources */ = {isa = PBXBuildFile; fileRef = 647A4F49289AFC0700EBBAFE /* _locales */; };
		647A4F94289AFC0700EBBAFE /* images in Resources */ = {isa = PBXBuildFile; fileRef = 647A4F4A289AFC0700EBBAFE /* images */; };
		647A4F95289AFC0700EBBAFE /* images in Resources */ = {isa = PBXBuildFile; fileRef = 647A4F4A289AFC0700EBBAFE /* images */; };
		647A4F96289AFC0700EBBAFE /* manifest.json in Resources */ = {isa = PBXBuildFile; fileRef = 647A4F4B289AFC0700EBBAFE /* manifest.json */; };
		647A4F97289AFC0700EBBAFE /* manifest.json in Resources */ = {isa = PBXBuildFile; fileRef = 647A4F4B289AFC0700EBBAFE /* manifest.json */; };
		647A4F9A289AFC0700EBBAFE /* content.js in Resources */ = {isa = PBXBuildFile; fileRef = 647A4F4D289AFC0700EBBAFE /* content.js */; };
		647A4F9B289AFC0700EBBAFE /* content.js in Resources */ = {isa = PBXBuildFile; fileRef = 647A4F4D289AFC0700EBBAFE /* content.js */; };
		647A4F9C289AFC0700EBBAFE /* popup.html in Resources */ = {isa = PBXBuildFile; fileRef = 647A4F4E289AFC0700EBBAFE /* popup.html */; };
		647A4F9D289AFC0700EBBAFE /* popup.html in Resources */ = {isa = PBXBuildFile; fileRef = 647A4F4E289AFC0700EBBAFE /* popup.html */; };
		647A4F9E289AFC0700EBBAFE /* popup.css in Resources */ = {isa = PBXBuildFile; fileRef = 647A4F4F289AFC0700EBBAFE /* popup.css */; };
		647A4F9F289AFC0700EBBAFE /* popup.css in Resources */ = {isa = PBXBuildFile; fileRef = 647A4F4F289AFC0700EBBAFE /* popup.css */; };
/* End PBXBuildFile section */

/* Begin PBXContainerItemProxy section */
		647A4F75289AFC0700EBBAFE /* PBXContainerItemProxy */ = {
			isa = PBXContainerItemProxy;
			containerPortal = 647A4F39289AFBFF00EBBAFE /* Project object */;
			proxyType = 1;
			remoteGlobalIDString = 647A4F72289AFC0700EBBAFE;
			remoteInfo = "CleanTwitter Extension (iOS)";
		};
		647A4F7F289AFC0700EBBAFE /* PBXContainerItemProxy */ = {
			isa = PBXContainerItemProxy;
			containerPortal = 647A4F39289AFBFF00EBBAFE /* Project object */;
			proxyType = 1;
			remoteGlobalIDString = 647A4F7C289AFC0700EBBAFE;
			remoteInfo = "CleanTwitter Extension (macOS)";
		};
/* End PBXContainerItemProxy section */

/* Begin PBXCopyFilesBuildPhase section */
		647A4FA7289AFC0700EBBAFE /* Embed App Extensions */ = {
			isa = PBXCopyFilesBuildPhase;
			buildActionMask = 2147483647;
			dstPath = "";
			dstSubfolderSpec = 13;
			files = (
				647A4F74289AFC0700EBBAFE /* CleanTwitter Extension.appex in Embed App Extensions */,
			);
			name = "Embed App Extensions";
			runOnlyForDeploymentPostprocessing = 0;
		};
		647A4FAE289AFC0700EBBAFE /* Embed App Extensions */ = {
			isa = PBXCopyFilesBuildPhase;
			buildActionMask = 2147483647;
			dstPath = "";
			dstSubfolderSpec = 13;
			files = (
				647A4F7E289AFC0700EBBAFE /* CleanTwitter Extension.appex in Embed App Extensions */,
			);
			name = "Embed App Extensions";
			runOnlyForDeploymentPostprocessing = 0;
		};
/* End PBXCopyFilesBuildPhase section */

/* Begin PBXFileReference section */
		647A4F40289AFC0000EBBAFE /* Base */ = {isa = PBXFileReference; lastKnownFileType = text.html; name = Base; path = ../Base.lproj/Main.html; sourceTree = "<group>"; };
		647A4F41289AFC0000EBBAFE /* Icon.png */ = {isa = PBXFileReference; lastKnownFileType = image.png; path = Icon.png; sourceTree = "<group>"; };
		647A4F42289AFC0000EBBAFE /* Style.css */ = {isa = PBXFileReference; lastKnownFileType = text.css; path = Style.css; sourceTree = "<group>"; };
		647A4F43289AFC0000EBBAFE /* Script.js */ = {isa = PBXFileReference; lastKnownFileType = sourcecode.javascript; path = Script.js; sourceTree = "<group>"; };
		647A4F44289AFC0000EBBAFE /* ViewController.swift */ = {isa = PBXFileReference; lastKnownFileType = sourcecode.swift; path = ViewController.swift; sourceTree = "<group>"; };
		647A4F45289AFC0700EBBAFE /* Assets.xcassets */ = {isa = PBXFileReference; lastKnownFileType = folder.assetcatalog; path = Assets.xcassets; sourceTree = "<group>"; };
		647A4F47289AFC0700EBBAFE /* SafariWebExtensionHandler.swift */ = {isa = PBXFileReference; lastKnownFileType = sourcecode.swift; path = SafariWebExtensionHandler.swift; sourceTree = "<group>"; };
		647A4F49289AFC0700EBBAFE /* _locales */ = {isa = PBXFileReference; lastKnownFileType = folder; path = _locales; sourceTree = "<group>"; };
		647A4F4A289AFC0700EBBAFE /* images */ = {isa = PBXFileReference; lastKnownFileType = folder; path = images; sourceTree = "<group>"; };
		647A4F4B289AFC0700EBBAFE /* manifest.json */ = {isa = PBXFileReference; lastKnownFileType = text.json; path = manifest.json; sourceTree = "<group>"; };
		647A4F4D289AFC0700EBBAFE /* content.js */ = {isa = PBXFileReference; lastKnownFileType = sourcecode.javascript; path = content.js; sourceTree = "<group>"; };
		647A4F4E289AFC0700EBBAFE /* popup.html */ = {isa = PBXFileReference; lastKnownFileType = text.html; path = popup.html; sourceTree = "<group>"; };
		647A4F4F289AFC0700EBBAFE /* popup.css */ = {isa = PBXFileReference; lastKnownFileType = text.css; path = popup.css; sourceTree = "<group>"; };
		647A4F55289AFC0700EBBAFE /* CleanTwitter.app */ = {isa = PBXFileReference; explicitFileType = wrapper.application; includeInIndex = 0; path = CleanTwitter.app; sourceTree = BUILT_PRODUCTS_DIR; };
		647A4F58289AFC0700EBBAFE /* AppDelegate.swift */ = {isa = PBXFileReference; lastKnownFileType = sourcecode.swift; path = AppDelegate.swift; sourceTree = "<group>"; };
		647A4F5A289AFC0700EBBAFE /* SceneDelegate.swift */ = {isa = PBXFileReference; lastKnownFileType = sourcecode.swift; path = SceneDelegate.swift; sourceTree = "<group>"; };
		647A4F5D289AFC0700EBBAFE /* Base */ = {isa = PBXFileReference; lastKnownFileType = file.storyboard; name = Base; path = Base.lproj/LaunchScreen.storyboard; sourceTree = "<group>"; };
		647A4F60289AFC0700EBBAFE /* Base */ = {isa = PBXFileReference; lastKnownFileType = file.storyboard; name = Base; path = Base.lproj/Main.storyboard; sourceTree = "<group>"; };
		647A4F62289AFC0700EBBAFE /* Info.plist */ = {isa = PBXFileReference; lastKnownFileType = text.plist.xml; path = Info.plist; sourceTree = "<group>"; };
		647A4F67289AFC0700EBBAFE /* CleanTwitter.app */ = {isa = PBXFileReference; explicitFileType = wrapper.application; includeInIndex = 0; path = CleanTwitter.app; sourceTree = BUILT_PRODUCTS_DIR; };
		647A4F69289AFC0700EBBAFE /* AppDelegate.swift */ = {isa = PBXFileReference; lastKnownFileType = sourcecode.swift; path = AppDelegate.swift; sourceTree = "<group>"; };
		647A4F6C289AFC0700EBBAFE /* Base */ = {isa = PBXFileReference; lastKnownFileType = file.storyboard; name = Base; path = Base.lproj/Main.storyboard; sourceTree = "<group>"; };
		647A4F6E289AFC0700EBBAFE /* CleanTwitter.entitlements */ = {isa = PBXFileReference; lastKnownFileType = text.plist.entitlements; path = CleanTwitter.entitlements; sourceTree = "<group>"; };
		647A4F73289AFC0700EBBAFE /* CleanTwitter Extension.appex */ = {isa = PBXFileReference; explicitFileType = "wrapper.app-extension"; includeInIndex = 0; path = "CleanTwitter Extension.appex"; sourceTree = BUILT_PRODUCTS_DIR; };
		647A4F78289AFC0700EBBAFE /* Info.plist */ = {isa = PBXFileReference; lastKnownFileType = text.plist.xml; path = Info.plist; sourceTree = "<group>"; };
		647A4F7D289AFC0700EBBAFE /* CleanTwitter Extension.appex */ = {isa = PBXFileReference; explicitFileType = "wrapper.app-extension"; includeInIndex = 0; path = "CleanTwitter Extension.appex"; sourceTree = BUILT_PRODUCTS_DIR; };
		647A4F82289AFC0700EBBAFE /* Info.plist */ = {isa = PBXFileReference; lastKnownFileType = text.plist.xml; path = Info.plist; sourceTree = "<group>"; };
		647A4F83289AFC0700EBBAFE /* CleanTwitter.entitlements */ = {isa = PBXFileReference; lastKnownFileType = text.plist.entitlements; path = CleanTwitter.entitlements; sourceTree = "<group>"; };
/* End PBXFileReference section */

/* Begin PBXFrameworksBuildPhase section */
		647A4F52289AFC0700EBBAFE /* Frameworks */ = {
			isa = PBXFrameworksBuildPhase;
			buildActionMask = 2147483647;
			files = (
			);
			runOnlyForDeploymentPostprocessing = 0;
		};
		647A4F64289AFC0700EBBAFE /* Frameworks */ = {
			isa = PBXFrameworksBuildPhase;
			buildActionMask = 2147483647;
			files = (
			);
			runOnlyForDeploymentPostprocessing = 0;
		};
		647A4F70289AFC0700EBBAFE /* Frameworks */ = {
			isa = PBXFrameworksBuildPhase;
			buildActionMask = 2147483647;
			files = (
			);
			runOnlyForDeploymentPostprocessing = 0;
		};
		647A4F7A289AFC0700EBBAFE /* Frameworks */ = {
			isa = PBXFrameworksBuildPhase;
			buildActionMask = 2147483647;
			files = (
			);
			runOnlyForDeploymentPostprocessing = 0;
		};
/* End PBXFrameworksBuildPhase section */

/* Begin PBXGroup section */
		647A4F38289AFBFF00EBBAFE = {
			isa = PBXGroup;
			children = (
				647A4F3D289AFC0000EBBAFE /* Shared (App) */,
				647A4F46289AFC0700EBBAFE /* Shared (Extension) */,
				647A4F57289AFC0700EBBAFE /* iOS (App) */,
				647A4F68289AFC0700EBBAFE /* macOS (App) */,
				647A4F77289AFC0700EBBAFE /* iOS (Extension) */,
				647A4F81289AFC0700EBBAFE /* macOS (Extension) */,
				647A4F56289AFC0700EBBAFE /* Products */,
			);
			sourceTree = "<group>";
		};
		647A4F3D289AFC0000EBBAFE /* Shared (App) */ = {
			isa = PBXGroup;
			children = (
				647A4F44289AFC0000EBBAFE /* ViewController.swift */,
				647A4F45289AFC0700EBBAFE /* Assets.xcassets */,
				647A4F3E289AFC0000EBBAFE /* Resources */,
			);
			path = "Shared (App)";
			sourceTree = "<group>";
		};
		647A4F3E289AFC0000EBBAFE /* Resources */ = {
			isa = PBXGroup;
			children = (
				647A4F3F289AFC0000EBBAFE /* Main.html */,
				647A4F41289AFC0000EBBAFE /* Icon.png */,
				647A4F42289AFC0000EBBAFE /* Style.css */,
				647A4F43289AFC0000EBBAFE /* Script.js */,
			);
			path = Resources;
			sourceTree = "<group>";
		};
		647A4F46289AFC0700EBBAFE /* Shared (Extension) */ = {
			isa = PBXGroup;
			children = (
				647A4F47289AFC0700EBBAFE /* SafariWebExtensionHandler.swift */,
				647A4F48289AFC0700EBBAFE /* Resources */,
			);
			path = "Shared (Extension)";
			sourceTree = "<group>";
		};
		647A4F48289AFC0700EBBAFE /* Resources */ = {
			isa = PBXGroup;
			children = (
				647A4F49289AFC0700EBBAFE /* _locales */,
				647A4F4A289AFC0700EBBAFE /* images */,
				647A4F4B289AFC0700EBBAFE /* manifest.json */,
				647A4F4D289AFC0700EBBAFE /* content.js */,
				647A4F4E289AFC0700EBBAFE /* popup.html */,
				647A4F4F289AFC0700EBBAFE /* popup.css */,
			);
			path = Resources;
			sourceTree = "<group>";
		};
		647A4F56289AFC0700EBBAFE /* Products */ = {
			isa = PBXGroup;
			children = (
				647A4F55289AFC0700EBBAFE /* CleanTwitter.app */,
				647A4F67289AFC0700EBBAFE /* CleanTwitter.app */,
				647A4F73289AFC0700EBBAFE /* CleanTwitter Extension.appex */,
				647A4F7D289AFC0700EBBAFE /* CleanTwitter Extension.appex */,
			);
			name = Products;
			sourceTree = "<group>";
		};
		647A4F57289AFC0700EBBAFE /* iOS (App) */ = {
			isa = PBXGroup;
			children = (
				647A4F58289AFC0700EBBAFE /* AppDelegate.swift */,
				647A4F5A289AFC0700EBBAFE /* SceneDelegate.swift */,
				647A4F5C289AFC0700EBBAFE /* LaunchScreen.storyboard */,
				647A4F5F289AFC0700EBBAFE /* Main.storyboard */,
				647A4F62289AFC0700EBBAFE /* Info.plist */,
			);
			path = "iOS (App)";
			sourceTree = "<group>";
		};
		647A4F68289AFC0700EBBAFE /* macOS (App) */ = {
			isa = PBXGroup;
			children = (
				647A4F69289AFC0700EBBAFE /* AppDelegate.swift */,
				647A4F6B289AFC0700EBBAFE /* Main.storyboard */,
				647A4F6E289AFC0700EBBAFE /* CleanTwitter.entitlements */,
			);
			path = "macOS (App)";
			sourceTree = "<group>";
		};
		647A4F77289AFC0700EBBAFE /* iOS (Extension) */ = {
			isa = PBXGroup;
			children = (
				647A4F78289AFC0700EBBAFE /* Info.plist */,
			);
			path = "iOS (Extension)";
			sourceTree = "<group>";
		};
		647A4F81289AFC0700EBBAFE /* macOS (Extension) */ = {
			isa = PBXGroup;
			children = (
				647A4F82289AFC0700EBBAFE /* Info.plist */,
				647A4F83289AFC0700EBBAFE /* CleanTwitter.entitlements */,
			);
			path = "macOS (Extension)";
			sourceTree = "<group>";
		};
/* End PBXGroup section */

/* Begin PBXNativeTarget section */
		647A4F54289AFC0700EBBAFE /* CleanTwitter (iOS) */ = {
			isa = PBXNativeTarget;
			buildConfigurationList = 647A4FA8289AFC0700EBBAFE /* Build configuration list for PBXNativeTarget "CleanTwitter (iOS)" */;
			buildPhases = (
				647A4F51289AFC0700EBBAFE /* Sources */,
				647A4F52289AFC0700EBBAFE /* Frameworks */,
				647A4F53289AFC0700EBBAFE /* Resources */,
				647A4FA7289AFC0700EBBAFE /* Embed App Extensions */,
			);
			buildRules = (
			);
			dependencies = (
				647A4F76289AFC0700EBBAFE /* PBXTargetDependency */,
			);
			name = "CleanTwitter (iOS)";
			productName = "CleanTwitter (iOS)";
			productReference = 647A4F55289AFC0700EBBAFE /* CleanTwitter.app */;
			productType = "com.apple.product-type.application";
		};
		647A4F66289AFC0700EBBAFE /* CleanTwitter (macOS) */ = {
			isa = PBXNativeTarget;
			buildConfigurationList = 647A4FAF289AFC0700EBBAFE /* Build configuration list for PBXNativeTarget "CleanTwitter (macOS)" */;
			buildPhases = (
				647A4F63289AFC0700EBBAFE /* Sources */,
				647A4F64289AFC0700EBBAFE /* Frameworks */,
				647A4F65289AFC0700EBBAFE /* Resources */,
				647A4FAE289AFC0700EBBAFE /* Embed App Extensions */,
			);
			buildRules = (
			);
			dependencies = (
				647A4F80289AFC0700EBBAFE /* PBXTargetDependency */,
			);
			name = "CleanTwitter (macOS)";
			productName = "CleanTwitter (macOS)";
			productReference = 647A4F67289AFC0700EBBAFE /* CleanTwitter.app */;
			productType = "com.apple.product-type.application";
		};
		647A4F72289AFC0700EBBAFE /* CleanTwitter Extension (iOS) */ = {
			isa = PBXNativeTarget;
			buildConfigurationList = 647A4FA4289AFC0700EBBAFE /* Build configuration list for PBXNativeTarget "CleanTwitter Extension (iOS)" */;
			buildPhases = (
				647A4F6F289AFC0700EBBAFE /* Sources */,
				647A4F70289AFC0700EBBAFE /* Frameworks */,
				647A4F71289AFC0700EBBAFE /* Resources */,
			);
			buildRules = (
			);
			dependencies = (
			);
			name = "CleanTwitter Extension (iOS)";
			productName = "CleanTwitter Extension (iOS)";
			productReference = 647A4F73289AFC0700EBBAFE /* CleanTwitter Extension.appex */;
			productType = "com.apple.product-type.app-extension";
		};
		647A4F7C289AFC0700EBBAFE /* CleanTwitter Extension (macOS) */ = {
			isa = PBXNativeTarget;
			buildConfigurationList = 647A4FAB289AFC0700EBBAFE /* Build configuration list for PBXNativeTarget "CleanTwitter Extension (macOS)" */;
			buildPhases = (
				647A4F79289AFC0700EBBAFE /* Sources */,
				647A4F7A289AFC0700EBBAFE /* Frameworks */,
				647A4F7B289AFC0700EBBAFE /* Resources */,
			);
			buildRules = (
			);
			dependencies = (
			);
			name = "CleanTwitter Extension (macOS)";
			productName = "CleanTwitter Extension (macOS)";
			productReference = 647A4F7D289AFC0700EBBAFE /* CleanTwitter Extension.appex */;
			productType = "com.apple.product-type.app-extension";
		};
/* End PBXNativeTarget section */

/* Begin PBXProject section */
		647A4F39289AFBFF00EBBAFE /* Project object */ = {
			isa = PBXProject;
			attributes = {
				BuildIndependentTargetsInParallel = 1;
				LastSwiftUpdateCheck = 1340;
				LastUpgradeCheck = 1340;
				TargetAttributes = {
					647A4F54289AFC0700EBBAFE = {
						CreatedOnToolsVersion = 13.4;
					};
					647A4F66289AFC0700EBBAFE = {
						CreatedOnToolsVersion = 13.4;
					};
					647A4F72289AFC0700EBBAFE = {
						CreatedOnToolsVersion = 13.4;
					};
					647A4F7C289AFC0700EBBAFE = {
						CreatedOnToolsVersion = 13.4;
					};
				};
			};
			buildConfigurationList = 647A4F3C289AFBFF00EBBAFE /* Build configuration list for PBXProject "CleanTwitter" */;
			compatibilityVersion = "Xcode 13.0";
			developmentRegion = en;
			hasScannedForEncodings = 0;
			knownRegions = (
				en,
				Base,
			);
			mainGroup = 647A4F38289AFBFF00EBBAFE;
			productRefGroup = 647A4F56289AFC0700EBBAFE /* Products */;
			projectDirPath = "";
			projectRoot = "";
			targets = (
				647A4F54289AFC0700EBBAFE /* CleanTwitter (iOS) */,
				647A4F66289AFC0700EBBAFE /* CleanTwitter (macOS) */,
				647A4F72289AFC0700EBBAFE /* CleanTwitter Extension (iOS) */,
				647A4F7C289AFC0700EBBAFE /* CleanTwitter Extension (macOS) */,
			);
		};
/* End PBXProject section */

/* Begin PBXResourcesBuildPhase section */
		647A4F53289AFC0700EBBAFE /* Resources */ = {
			isa = PBXResourcesBuildPhase;
			buildActionMask = 2147483647;
			files = (
				647A4F86289AFC0700EBBAFE /* Icon.png in Resources */,
				647A4F5E289AFC0700EBBAFE /* LaunchScreen.storyboard in Resources */,
				647A4F84289AFC0700EBBAFE /* Main.html in Resources */,
				647A4F8A289AFC0700EBBAFE /* Script.js in Resources */,
				647A4F8E289AFC0700EBBAFE /* Assets.xcassets in Resources */,
				647A4F61289AFC0700EBBAFE /* Main.storyboard in Resources */,
				647A4F88289AFC0700EBBAFE /* Style.css in Resources */,
			);
			runOnlyForDeploymentPostprocessing = 0;
		};
		647A4F65289AFC0700EBBAFE /* Resources */ = {
			isa = PBXResourcesBuildPhase;
			buildActionMask = 2147483647;
			files = (
				647A4F87289AFC0700EBBAFE /* Icon.png in Resources */,
				647A4F89289AFC0700EBBAFE /* Style.css in Resources */,
				647A4F6D289AFC0700EBBAFE /* Main.storyboard in Resources */,
				647A4F8B289AFC0700EBBAFE /* Script.js in Resources */,
				647A4F8F289AFC0700EBBAFE /* Assets.xcassets in Resources */,
				647A4F85289AFC0700EBBAFE /* Main.html in Resources */,
			);
			runOnlyForDeploymentPostprocessing = 0;
		};
		647A4F71289AFC0700EBBAFE /* Resources */ = {
			isa = PBXResourcesBuildPhase;
			buildActionMask = 2147483647;
			files = (
				647A4F9E289AFC0700EBBAFE /* popup.css in Resources */,
				647A4F9C289AFC0700EBBAFE /* popup.html in Resources */,
				647A4F94289AFC0700EBBAFE /* images in Resources */,
				647A4F96289AFC0700EBBAFE /* manifest.json in Resources */,
				647A4F92289AFC0700EBBAFE /* _locales in Resources */,
				647A4F9A289AFC0700EBBAFE /* content.js in Resources */,
			);
			runOnlyForDeploymentPostprocessing = 0;
		};
		647A4F7B289AFC0700EBBAFE /* Resources */ = {
			isa = PBXResourcesBuildPhase;
			buildActionMask = 2147483647;
			files = (
				647A4F9F289AFC0700EBBAFE /* popup.css in Resources */,
				647A4F9D289AFC0700EBBAFE /* popup.html in Resources */,
				647A4F95289AFC0700EBBAFE /* images in Resources */,
				647A4F97289AFC0700EBBAFE /* manifest.json in Resources */,
				647A4F93289AFC0700EBBAFE /* _locales in Resources */,
				647A4F9B289AFC0700EBBAFE /* content.js in Resources */,
			);
			runOnlyForDeploymentPostprocessing = 0;
		};
/* End PBXResourcesBuildPhase section */

/* Begin PBXSourcesBuildPhase section */
		647A4F51289AFC0700EBBAFE /* Sources */ = {
			isa = PBXSourcesBuildPhase;
			buildActionMask = 2147483647;
			files = (
				647A4F8C289AFC0700EBBAFE /* ViewController.swift in Sources */,
				647A4F59289AFC0700EBBAFE /* AppDelegate.swift in Sources */,
				647A4F5B289AFC0700EBBAFE /* SceneDelegate.swift in Sources */,
			);
			runOnlyForDeploymentPostprocessing = 0;
		};
		647A4F63289AFC0700EBBAFE /* Sources */ = {
			isa = PBXSourcesBuildPhase;
			buildActionMask = 2147483647;
			files = (
				647A4F8D289AFC0700EBBAFE /* ViewController.swift in Sources */,
				647A4F6A289AFC0700EBBAFE /* AppDelegate.swift in Sources */,
			);
			runOnlyForDeploymentPostprocessing = 0;
		};
		647A4F6F289AFC0700EBBAFE /* Sources */ = {
			isa = PBXSourcesBuildPhase;
			buildActionMask = 2147483647;
			files = (
				647A4F90289AFC0700EBBAFE /* SafariWebExtensionHandler.swift in Sources */,
			);
			runOnlyForDeploymentPostprocessing = 0;
		};
		647A4F79289AFC0700EBBAFE /* Sources */ = {
			isa = PBXSourcesBuildPhase;
			buildActionMask = 2147483647;
			files = (
				647A4F91289AFC0700EBBAFE /* SafariWebExtensionHandler.swift in Sources */,
			);
			runOnlyForDeploymentPostprocessing = 0;
		};
/* End PBXSourcesBuildPhase section */

/* Begin PBXTargetDependency section */
		647A4F76289AFC0700EBBAFE /* PBXTargetDependency */ = {
			isa = PBXTargetDependency;
			target = 647A4F72289AFC0700EBBAFE /* CleanTwitter Extension (iOS) */;
			targetProxy = 647A4F75289AFC0700EBBAFE /* PBXContainerItemProxy */;
		};
		647A4F80289AFC0700EBBAFE /* PBXTargetDependency */ = {
			isa = PBXTargetDependency;
			target = 647A4F7C289AFC0700EBBAFE /* CleanTwitter Extension (macOS) */;
			targetProxy = 647A4F7F289AFC0700EBBAFE /* PBXContainerItemProxy */;
		};
/* End PBXTargetDependency section */

/* Begin PBXVariantGroup section */
		647A4F3F289AFC0000EBBAFE /* Main.html */ = {
			isa = PBXVariantGroup;
			children = (
				647A4F40289AFC0000EBBAFE /* Base */,
			);
			name = Main.html;
			sourceTree = "<group>";
		};
		647A4F5C289AFC0700EBBAFE /* LaunchScreen.storyboard */ = {
			isa = PBXVariantGroup;
			children = (
				647A4F5D289AFC0700EBBAFE /* Base */,
			);
			name = LaunchScreen.storyboard;
			sourceTree = "<group>";
		};
		647A4F5F289AFC0700EBBAFE /* Main.storyboard */ = {
			isa = PBXVariantGroup;
			children = (
				647A4F60289AFC0700EBBAFE /* Base */,
			);
			name = Main.storyboard;
			sourceTree = "<group>";
		};
		647A4F6B289AFC0700EBBAFE /* Main.storyboard */ = {
			isa = PBXVariantGroup;
			children = (
				647A4F6C289AFC0700EBBAFE /* Base */,
			);
			name = Main.storyboard;
			sourceTree = "<group>";
		};
/* End PBXVariantGroup section */

/* Begin XCBuildConfiguration section */
		647A4FA2289AFC0700EBBAFE /* Debug */ = {
			isa = XCBuildConfiguration;
			buildSettings = {
				ALWAYS_SEARCH_USER_PATHS = NO;
				CLANG_ANALYZER_NONNULL = YES;
				CLANG_ANALYZER_NUMBER_OBJECT_CONVERSION = YES_AGGRESSIVE;
				CLANG_CXX_LANGUAGE_STANDARD = "gnu++17";
				CLANG_ENABLE_MODULES = YES;
				CLANG_ENABLE_OBJC_ARC = YES;
				CLANG_ENABLE_OBJC_WEAK = YES;
				CLANG_WARN_BLOCK_CAPTURE_AUTORELEASING = YES;
				CLANG_WARN_BOOL_CONVERSION = YES;
				CLANG_WARN_COMMA = YES;
				CLANG_WARN_CONSTANT_CONVERSION = YES;
				CLANG_WARN_DEPRECATED_OBJC_IMPLEMENTATIONS = YES;
				CLANG_WARN_DIRECT_OBJC_ISA_USAGE = YES_ERROR;
				CLANG_WARN_DOCUMENTATION_COMMENTS = YES;
				CLANG_WARN_EMPTY_BODY = YES;
				CLANG_WARN_ENUM_CONVERSION = YES;
				CLANG_WARN_INFINITE_RECURSION = YES;
				CLANG_WARN_INT_CONVERSION = YES;
				CLANG_WARN_NON_LITERAL_NULL_CONVERSION = YES;
				CLANG_WARN_OBJC_IMPLICIT_RETAIN_SELF = YES;
				CLANG_WARN_OBJC_LITERAL_CONVERSION = YES;
				CLANG_WARN_OBJC_ROOT_CLASS = YES_ERROR;
				CLANG_WARN_QUOTED_INCLUDE_IN_FRAMEWORK_HEADER = YES;
				CLANG_WARN_RANGE_LOOP_ANALYSIS = YES;
				CLANG_WARN_STRICT_PROTOTYPES = YES;
				CLANG_WARN_SUSPICIOUS_MOVE = YES;
				CLANG_WARN_UNGUARDED_AVAILABILITY = YES_AGGRESSIVE;
				CLANG_WARN_UNREACHABLE_CODE = YES;
				CLANG_WARN__DUPLICATE_METHOD_MATCH = YES;
				COPY_PHASE_STRIP = NO;
				DEBUG_INFORMATION_FORMAT = dwarf;
				ENABLE_STRICT_OBJC_MSGSEND = YES;
				ENABLE_TESTABILITY = YES;
				GCC_C_LANGUAGE_STANDARD = gnu11;
				GCC_DYNAMIC_NO_PIC = NO;
				GCC_NO_COMMON_BLOCKS = YES;
				GCC_OPTIMIZATION_LEVEL = 0;
				GCC_PREPROCESSOR_DEFINITIONS = (
					"DEBUG=1",
					"$(inherited)",
				);
				GCC_WARN_64_TO_32_BIT_CONVERSION = YES;
				GCC_WARN_ABOUT_RETURN_TYPE = YES_ERROR;
				GCC_WARN_UNDECLARED_SELECTOR = YES;
				GCC_WARN_UNINITIALIZED_AUTOS = YES_AGGRESSIVE;
				GCC_WARN_UNUSED_FUNCTION = YES;
				GCC_WARN_UNUSED_VARIABLE = YES;
				MTL_ENABLE_DEBUG_INFO = INCLUDE_SOURCE;
				MTL_FAST_MATH = YES;
				ONLY_ACTIVE_ARCH = YES;
				SWIFT_ACTIVE_COMPILATION_CONDITIONS = DEBUG;
				SWIFT_OPTIMIZATION_LEVEL = "-Onone";
			};
			name = Debug;
		};
		647A4FA3289AFC0700EBBAFE /* Release */ = {
			isa = XCBuildConfiguration;
			buildSettings = {
				ALWAYS_SEARCH_USER_PATHS = NO;
				CLANG_ANALYZER_NONNULL = YES;
				CLANG_ANALYZER_NUMBER_OBJECT_CONVERSION = YES_AGGRESSIVE;
				CLANG_CXX_LANGUAGE_STANDARD = "gnu++17";
				CLANG_ENABLE_MODULES = YES;
				CLANG_ENABLE_OBJC_ARC = YES;
				CLANG_ENABLE_OBJC_WEAK = YES;
				CLANG_WARN_BLOCK_CAPTURE_AUTORELEASING = YES;
				CLANG_WARN_BOOL_CONVERSION = YES;
				CLANG_WARN_COMMA = YES;
				CLANG_WARN_CONSTANT_CONVERSION = YES;
				CLANG_WARN_DEPRECATED_OBJC_IMPLEMENTATIONS = YES;
				CLANG_WARN_DIRECT_OBJC_ISA_USAGE = YES_ERROR;
				CLANG_WARN_DOCUMENTATION_COMMENTS = YES;
				CLANG_WARN_EMPTY_BODY = YES;
				CLANG_WARN_ENUM_CONVERSION = YES;
				CLANG_WARN_INFINITE_RECURSION = YES;
				CLANG_WARN_INT_CONVERSION = YES;
				CLANG_WARN_NON_LITERAL_NULL_CONVERSION = YES;
				CLANG_WARN_OBJC_IMPLICIT_RETAIN_SELF = YES;
				CLANG_WARN_OBJC_LITERAL_CONVERSION = YES;
				CLANG_WARN_OBJC_ROOT_CLASS = YES_ERROR;
				CLANG_WARN_QUOTED_INCLUDE_IN_FRAMEWORK_HEADER = YES;
				CLANG_WARN_RANGE_LOOP_ANALYSIS = YES;
				CLANG_WARN_STRICT_PROTOTYPES = YES;
				CLANG_WARN_SUSPICIOUS_MOVE = YES;
				CLANG_WARN_UNGUARDED_AVAILABILITY = YES_AGGRESSIVE;
				CLANG_WARN_UNREACHABLE_CODE = YES;
				CLANG_WARN__DUPLICATE_METHOD_MATCH = YES;
				COPY_PHASE_STRIP = NO;
				DEBUG_INFORMATION_FORMAT = "dwarf-with-dsym";
				ENABLE_NS_ASSERTIONS = NO;
				ENABLE_STRICT_OBJC_MSGSEND = YES;
				GCC_C_LANGUAGE_STANDARD = gnu11;
				GCC_NO_COMMON_BLOCKS = YES;
				GCC_WARN_64_TO_32_BIT_CONVERSION = YES;
				GCC_WARN_ABOUT_RETURN_TYPE = YES_ERROR;
				GCC_WARN_UNDECLARED_SELECTOR = YES;
				GCC_WARN_UNINITIALIZED_AUTOS = YES_AGGRESSIVE;
				GCC_WARN_UNUSED_FUNCTION = YES;
				GCC_WARN_UNUSED_VARIABLE = YES;
				MTL_ENABLE_DEBUG_INFO = NO;
				MTL_FAST_MATH = YES;
				SWIFT_COMPILATION_MODE = wholemodule;
				SWIFT_OPTIMIZATION_LEVEL = "-O";
			};
			name = Release;
		};
		647A4FA5289AFC0700EBBAFE /* Debug */ = {
			isa = XCBuildConfiguration;
			buildSettings = {
				CODE_SIGN_STYLE = Automatic;
				CURRENT_PROJECT_VERSION = 1;
				DEVELOPMENT_TEAM = 35PWARD8K6;
				GENERATE_INFOPLIST_FILE = YES;
				INFOPLIST_FILE = "iOS (Extension)/Info.plist";
				INFOPLIST_KEY_CFBundleDisplayName = "CleanTwitter Extension";
				INFOPLIST_KEY_NSHumanReadableCopyright = "";
				IPHONEOS_DEPLOYMENT_TARGET = 15.0;
				LD_RUNPATH_SEARCH_PATHS = (
					"$(inherited)",
					"@executable_path/Frameworks",
					"@executable_path/../../Frameworks",
				);
				MARKETING_VERSION = 1.0;
				OTHER_LDFLAGS = (
					"-framework",
					SafariServices,
				);
				PRODUCT_BUNDLE_IDENTIFIER = stuff.CleanTwitter.Extension;
				PRODUCT_NAME = "CleanTwitter Extension";
				SDKROOT = iphoneos;
				SKIP_INSTALL = YES;
				SWIFT_EMIT_LOC_STRINGS = YES;
				SWIFT_VERSION = 5.0;
				TARGETED_DEVICE_FAMILY = "1,2";
			};
			name = Debug;
		};
		647A4FA6289AFC0700EBBAFE /* Release */ = {
			isa = XCBuildConfiguration;
			buildSettings = {
				CODE_SIGN_STYLE = Automatic;
				CURRENT_PROJECT_VERSION = 1;
				DEVELOPMENT_TEAM = 35PWARD8K6;
				GENERATE_INFOPLIST_FILE = YES;
				INFOPLIST_FILE = "iOS (Extension)/Info.plist";
				INFOPLIST_KEY_CFBundleDisplayName = "CleanTwitter Extension";
				INFOPLIST_KEY_NSHumanReadableCopyright = "";
				IPHONEOS_DEPLOYMENT_TARGET = 15.0;
				LD_RUNPATH_SEARCH_PATHS = (
					"$(inherited)",
					"@executable_path/Frameworks",
					"@executable_path/../../Frameworks",
				);
				MARKETING_VERSION = 1.0;
				OTHER_LDFLAGS = (
					"-framework",
					SafariServices,
				);
				PRODUCT_BUNDLE_IDENTIFIER = stuff.CleanTwitter.Extension;
				PRODUCT_NAME = "CleanTwitter Extension";
				SDKROOT = iphoneos;
				SKIP_INSTALL = YES;
				SWIFT_EMIT_LOC_STRINGS = YES;
				SWIFT_VERSION = 5.0;
				TARGETED_DEVICE_FAMILY = "1,2";
				VALIDATE_PRODUCT = YES;
			};
			name = Release;
		};
		647A4FA9289AFC0700EBBAFE /* Debug */ = {
			isa = XCBuildConfiguration;
			buildSettings = {
				ALWAYS_EMBED_SWIFT_STANDARD_LIBRARIES = YES;
				ASSETCATALOG_COMPILER_APPICON_NAME = AppIcon;
				ASSETCATALOG_COMPILER_GLOBAL_ACCENT_COLOR_NAME = AccentColor;
				CODE_SIGN_STYLE = Automatic;
				CURRENT_PROJECT_VERSION = 1;
				DEVELOPMENT_TEAM = 35PWARD8K6;
				GENERATE_INFOPLIST_FILE = YES;
				INFOPLIST_FILE = "iOS (App)/Info.plist";
				INFOPLIST_KEY_CFBundleDisplayName = CleanTwitter;
				INFOPLIST_KEY_UIApplicationSupportsIndirectInputEvents = YES;
				INFOPLIST_KEY_UILaunchStoryboardName = LaunchScreen;
				INFOPLIST_KEY_UIMainStoryboardFile = Main;
				INFOPLIST_KEY_UISupportedInterfaceOrientations = "UIInterfaceOrientationPortrait UIInterfaceOrientationLandscapeLeft UIInterfaceOrientationLandscapeRight";
				INFOPLIST_KEY_UISupportedInterfaceOrientations_iPad = "UIInterfaceOrientationPortrait UIInterfaceOrientationPortraitUpsideDown UIInterfaceOrientationLandscapeLeft UIInterfaceOrientationLandscapeRight";
				IPHONEOS_DEPLOYMENT_TARGET = 15.0;
				LD_RUNPATH_SEARCH_PATHS = (
					"$(inherited)",
					"@executable_path/Frameworks",
				);
				MARKETING_VERSION = 1.0;
				OTHER_LDFLAGS = (
					"-framework",
					SafariServices,
					"-framework",
					WebKit,
				);
				PRODUCT_BUNDLE_IDENTIFIER = stuff.CleanTwitter;
				PRODUCT_NAME = CleanTwitter;
				SDKROOT = iphoneos;
				SWIFT_EMIT_LOC_STRINGS = YES;
				SWIFT_VERSION = 5.0;
				TARGETED_DEVICE_FAMILY = "1,2";
			};
			name = Debug;
		};
		647A4FAA289AFC0700EBBAFE /* Release */ = {
			isa = XCBuildConfiguration;
			buildSettings = {
				ALWAYS_EMBED_SWIFT_STANDARD_LIBRARIES = YES;
				ASSETCATALOG_COMPILER_APPICON_NAME = AppIcon;
				ASSETCATALOG_COMPILER_GLOBAL_ACCENT_COLOR_NAME = AccentColor;
				CODE_SIGN_STYLE = Automatic;
				CURRENT_PROJECT_VERSION = 1;
				DEVELOPMENT_TEAM = 35PWARD8K6;
				GENERATE_INFOPLIST_FILE = YES;
				INFOPLIST_FILE = "iOS (App)/Info.plist";
				INFOPLIST_KEY_CFBundleDisplayName = CleanTwitter;
				INFOPLIST_KEY_UIApplicationSupportsIndirectInputEvents = YES;
				INFOPLIST_KEY_UILaunchStoryboardName = LaunchScreen;
				INFOPLIST_KEY_UIMainStoryboardFile = Main;
				INFOPLIST_KEY_UISupportedInterfaceOrientations = "UIInterfaceOrientationPortrait UIInterfaceOrientationLandscapeLeft UIInterfaceOrientationLandscapeRight";
				INFOPLIST_KEY_UISupportedInterfaceOrientations_iPad = "UIInterfaceOrientationPortrait UIInterfaceOrientationPortraitUpsideDown UIInterfaceOrientationLandscapeLeft UIInterfaceOrientationLandscapeRight";
				IPHONEOS_DEPLOYMENT_TARGET = 15.0;
				LD_RUNPATH_SEARCH_PATHS = (
					"$(inherited)",
					"@executable_path/Frameworks",
				);
				MARKETING_VERSION = 1.0;
				OTHER_LDFLAGS = (
					"-framework",
					SafariServices,
					"-framework",
					WebKit,
				);
				PRODUCT_BUNDLE_IDENTIFIER = stuff.CleanTwitter;
				PRODUCT_NAME = CleanTwitter;
				SDKROOT = iphoneos;
				SWIFT_EMIT_LOC_STRINGS = YES;
				SWIFT_VERSION = 5.0;
				TARGETED_DEVICE_FAMILY = "1,2";
				VALIDATE_PRODUCT = YES;
			};
			name = Release;
		};
		647A4FAC289AFC0700EBBAFE /* Debug */ = {
			isa = XCBuildConfiguration;
			buildSettings = {
				CODE_SIGN_ENTITLEMENTS = "macOS (Extension)/CleanTwitter.entitlements";
				CODE_SIGN_STYLE = Automatic;
				CURRENT_PROJECT_VERSION = 1;
				DEVELOPMENT_TEAM = 35PWARD8K6;
				ENABLE_HARDENED_RUNTIME = YES;
				GENERATE_INFOPLIST_FILE = YES;
				INFOPLIST_FILE = "macOS (Extension)/Info.plist";
				INFOPLIST_KEY_CFBundleDisplayName = "CleanTwitter Extension";
				INFOPLIST_KEY_NSHumanReadableCopyright = "";
				LD_RUNPATH_SEARCH_PATHS = (
					"$(inherited)",
					"@executable_path/../Frameworks",
					"@executable_path/../../../../Frameworks",
				);
				MACOSX_DEPLOYMENT_TARGET = 10.14;
				MARKETING_VERSION = 1.0;
				OTHER_LDFLAGS = (
					"-framework",
					SafariServices,
				);
				PRODUCT_BUNDLE_IDENTIFIER = stuff.CleanTwitter.Extension;
				PRODUCT_NAME = "CleanTwitter Extension";
				SDKROOT = macosx;
				SKIP_INSTALL = YES;
				SWIFT_EMIT_LOC_STRINGS = YES;
				SWIFT_VERSION = 5.0;
			};
			name = Debug;
		};
		647A4FAD289AFC0700EBBAFE /* Release */ = {
			isa = XCBuildConfiguration;
			buildSettings = {
				CODE_SIGN_ENTITLEMENTS = "macOS (Extension)/CleanTwitter.entitlements";
				CODE_SIGN_STYLE = Automatic;
				CURRENT_PROJECT_VERSION = 1;
				DEVELOPMENT_TEAM = 35PWARD8K6;
				ENABLE_HARDENED_RUNTIME = YES;
				GENERATE_INFOPLIST_FILE = YES;
				INFOPLIST_FILE = "macOS (Extension)/Info.plist";
				INFOPLIST_KEY_CFBundleDisplayName = "CleanTwitter Extension";
				INFOPLIST_KEY_NSHumanReadableCopyright = "";
				LD_RUNPATH_SEARCH_PATHS = (
					"$(inherited)",
					"@executable_path/../Frameworks",
					"@executable_path/../../../../Frameworks",
				);
				MACOSX_DEPLOYMENT_TARGET = 10.14;
				MARKETING_VERSION = 1.0;
				OTHER_LDFLAGS = (
					"-framework",
					SafariServices,
				);
				PRODUCT_BUNDLE_IDENTIFIER = stuff.CleanTwitter.Extension;
				PRODUCT_NAME = "CleanTwitter Extension";
				SDKROOT = macosx;
				SKIP_INSTALL = YES;
				SWIFT_EMIT_LOC_STRINGS = YES;
				SWIFT_VERSION = 5.0;
			};
			name = Release;
		};
		647A4FB0289AFC0700EBBAFE /* Debug */ = {
			isa = XCBuildConfiguration;
			buildSettings = {
				ALWAYS_EMBED_SWIFT_STANDARD_LIBRARIES = YES;
				ASSETCATALOG_COMPILER_APPICON_NAME = AppIcon;
				ASSETCATALOG_COMPILER_GLOBAL_ACCENT_COLOR_NAME = AccentColor;
				CODE_SIGN_ENTITLEMENTS = "macOS (App)/CleanTwitter.entitlements";
				CODE_SIGN_STYLE = Automatic;
				CURRENT_PROJECT_VERSION = 1;
				DEVELOPMENT_TEAM = 35PWARD8K6;
				ENABLE_HARDENED_RUNTIME = YES;
				GENERATE_INFOPLIST_FILE = YES;
				INFOPLIST_KEY_CFBundleDisplayName = CleanTwitter;
				INFOPLIST_KEY_NSMainStoryboardFile = Main;
				INFOPLIST_KEY_NSPrincipalClass = NSApplication;
				LD_RUNPATH_SEARCH_PATHS = (
					"$(inherited)",
					"@executable_path/../Frameworks",
				);
				MACOSX_DEPLOYMENT_TARGET = 10.14;
				MARKETING_VERSION = 1.0;
				OTHER_LDFLAGS = (
					"-framework",
					SafariServices,
					"-framework",
					WebKit,
				);
				PRODUCT_BUNDLE_IDENTIFIER = stuff.CleanTwitter;
				PRODUCT_NAME = CleanTwitter;
				SDKROOT = macosx;
				SWIFT_EMIT_LOC_STRINGS = YES;
				SWIFT_VERSION = 5.0;
			};
			name = Debug;
		};
		647A4FB1289AFC0700EBBAFE /* Release */ = {
			isa = XCBuildConfiguration;
			buildSettings = {
				ALWAYS_EMBED_SWIFT_STANDARD_LIBRARIES = YES;
				ASSETCATALOG_COMPILER_APPICON_NAME = AppIcon;
				ASSETCATALOG_COMPILER_GLOBAL_ACCENT_COLOR_NAME = AccentColor;
				CODE_SIGN_ENTITLEMENTS = "macOS (App)/CleanTwitter.entitlements";
				CODE_SIGN_STYLE = Automatic;
				CURRENT_PROJECT_VERSION = 1;
				DEVELOPMENT_TEAM = 35PWARD8K6;
				ENABLE_HARDENED_RUNTIME = YES;
				GENERATE_INFOPLIST_FILE = YES;
				INFOPLIST_KEY_CFBundleDisplayName = CleanTwitter;
				INFOPLIST_KEY_NSMainStoryboardFile = Main;
				INFOPLIST_KEY_NSPrincipalClass = NSApplication;
				LD_RUNPATH_SEARCH_PATHS = (
					"$(inherited)",
					"@executable_path/../Frameworks",
				);
				MACOSX_DEPLOYMENT_TARGET = 10.14;
				MARKETING_VERSION = 1.0;
				OTHER_LDFLAGS = (
					"-framework",
					SafariServices,
					"-framework",
					WebKit,
				);
				PRODUCT_BUNDLE_IDENTIFIER = stuff.CleanTwitter;
				PRODUCT_NAME = CleanTwitter;
				SDKROOT = macosx;
				SWIFT_EMIT_LOC_STRINGS = YES;
				SWIFT_VERSION = 5.0;
			};
			name = Release;
		};
/* End XCBuildConfiguration section */

/* Begin XCConfigurationList section */
		647A4F3C289AFBFF00EBBAFE /* Build configuration list for PBXProject "CleanTwitter" */ = {
			isa = XCConfigurationList;
			buildConfigurations = (
				647A4FA2289AFC0700EBBAFE /* Debug */,
				647A4FA3289AFC0700EBBAFE /* Release */,
			);
			defaultConfigurationIsVisible = 0;
			defaultConfigurationName = Release;
		};
		647A4FA4289AFC0700EBBAFE /* Build configuration list for PBXNativeTarget "CleanTwitter Extension (iOS)" */ = {
			isa = XCConfigurationList;
			buildConfigurations = (
				647A4FA5289AFC0700EBBAFE /* Debug */,
				647A4FA6289AFC0700EBBAFE /* Release */,
			);
			defaultConfigurationIsVisible = 0;
			defaultConfigurationName = Release;
		};
		647A4FA8289AFC0700EBBAFE /* Build configuration list for PBXNativeTarget "CleanTwitter (iOS)" */ = {
			isa = XCConfigurationList;
			buildConfigurations = (
				647A4FA9289AFC0700EBBAFE /* Debug */,
				647A4FAA289AFC0700EBBAFE /* Release */,
			);
			defaultConfigurationIsVisible = 0;
			defaultConfigurationName = Release;
		};
		647A4FAB289AFC0700EBBAFE /* Build configuration list for PBXNativeTarget "CleanTwitter Extension (macOS)" */ = {
			isa = XCConfigurationList;
			buildConfigurations = (
				647A4FAC289AFC0700EBBAFE /* Debug */,
				647A4FAD289AFC0700EBBAFE /* Release */,
			);
			defaultConfigurationIsVisible = 0;
			defaultConfigurationName = Release;
		};
		647A4FAF289AFC0700EBBAFE /* Build configuration list for PBXNativeTarget "CleanTwitter (macOS)" */ = {
			isa = XCConfigurationList;
			buildConfigurations = (
				647A4FB0289AFC0700EBBAFE /* Debug */,
				647A4FB1289AFC0700EBBAFE /* Release */,
			);
			defaultConfigurationIsVisible = 0;
			defaultConfigurationName = Release;
		};
/* End XCConfigurationList section */
	};
	rootObject = 647A4F39289AFBFF00EBBAFE /* Project object */;
}
